
Microsoft Visual Studio Solution File, Format Version 12.00
# Visual Studio Version 16
VisualStudioVersion = 16.0.30320.27
MinimumVisualStudioVersion = 10.0.40219.1
Project("{FAE04EC0-301F-11D3-BF4B-00C04F79EFBC}") = "Palindromes", "Palindromes.csproj", "{8AB6C9AB-0098-445D-B03A-D9F76EB44AAA}"
EndProject
Global
	GlobalSection(SolutionConfigurationPlatforms) = preSolution
		Debug|Any CPU = Debug|Any CPU
		Release|Any CPU = Release|Any CPU
	EndGlobalSection
	GlobalSection(ProjectConfigurationPlatforms) = postSolution
		{8AB6C9AB-0098-445D-B03A-D9F76EB44AAA}.Debug|Any CPU.ActiveCfg = Debug|Any CPU
		{8AB6C9AB-0098-445D-B03A-D9F76EB44AAA}.Debug|Any CPU.Build.0 = Debug|Any CPU
		{8AB6C9AB-0098-445D-B03A-D9F76EB44AAA}.Release|Any CPU.ActiveCfg = Release|Any CPU
		{8AB6C9AB-0098-445D-B03A-D9F76EB44AAA}.Release|Any CPU.Build.0 = Release|Any CPU
	EndGlobalSection
	GlobalSection(SolutionProperties) = preSolution
		HideSolutionNode = FALSE
	EndGlobalSection
	GlobalSection(ExtensibilityGlobals) = postSolution
		SolutionGuid = {1A459F32-03F9-42FD-B8D4-DBF50617253D}
	EndGlobalSection
EndGlobal
