
Microsoft Visual Studio Solution File, Format Version 12.00
# Visual Studio Version 16
VisualStudioVersion = 16.0.30320.27
MinimumVisualStudioVersion = 10.0.40219.1
Project("{FAE04EC0-301F-11D3-BF4B-00C04F79EFBC}") = "PythagoreanTheorem", "PythagoreanTheorem.csproj", "{2EB84A5F-A549-4B63-A40C-B359593CC138}"
EndProject
Global
	GlobalSection(SolutionConfigurationPlatforms) = preSolution
		Debug|Any CPU = Debug|Any CPU
		Release|Any CPU = Release|Any CPU
	EndGlobalSection
	GlobalSection(ProjectConfigurationPlatforms) = postSolution
		{2EB84A5F-A549-4B63-A40C-B359593CC138}.Debug|Any CPU.ActiveCfg = Debug|Any CPU
		{2EB84A5F-A549-4B63-A40C-B359593CC138}.Debug|Any CPU.Build.0 = Debug|Any CPU
		{2EB84A5F-A549-4B63-A40C-B359593CC138}.Release|Any CPU.ActiveCfg = Release|Any CPU
		{2EB84A5F-A549-4B63-A40C-B359593CC138}.Release|Any CPU.Build.0 = Release|Any CPU
	EndGlobalSection
	GlobalSection(SolutionProperties) = preSolution
		HideSolutionNode = FALSE
	EndGlobalSection
	GlobalSection(ExtensibilityGlobals) = postSolution
		SolutionGuid = {B81606EB-B520-4564-A6F8-0A42F7943968}
	EndGlobalSection
EndGlobal
