
Microsoft Visual Studio Solution File, Format Version 12.00
# Visual Studio Version 16
VisualStudioVersion = 16.0.30320.27
MinimumVisualStudioVersion = 10.0.40219.1
Project("{FAE04EC0-301F-11D3-BF4B-00C04F79EFBC}") = "DiceRolling", "DiceRolling.csproj", "{ECF45B11-CC6A-4F81-A548-3605DB77CA7D}"
EndProject
Global
	GlobalSection(SolutionConfigurationPlatforms) = preSolution
		Debug|Any CPU = Debug|Any CPU
		Release|Any CPU = Release|Any CPU
	EndGlobalSection
	GlobalSection(ProjectConfigurationPlatforms) = postSolution
		{ECF45B11-CC6A-4F81-A548-3605DB77CA7D}.Debug|Any CPU.ActiveCfg = Debug|Any CPU
		{ECF45B11-CC6A-4F81-A548-3605DB77CA7D}.Debug|Any CPU.Build.0 = Debug|Any CPU
		{ECF45B11-CC6A-4F81-A548-3605DB77CA7D}.Release|Any CPU.ActiveCfg = Release|Any CPU
		{ECF45B11-CC6A-4F81-A548-3605DB77CA7D}.Release|Any CPU.Build.0 = Release|Any CPU
	EndGlobalSection
	GlobalSection(SolutionProperties) = preSolution
		HideSolutionNode = FALSE
	EndGlobalSection
	GlobalSection(ExtensibilityGlobals) = postSolution
		SolutionGuid = {4B99B1FC-09D2-4B9D-8B88-F83EBEAC523A}
	EndGlobalSection
EndGlobal
