
Microsoft Visual Studio Solution File, Format Version 12.00
# Visual Studio Version 16
VisualStudioVersion = 16.0.30320.27
MinimumVisualStudioVersion = 10.0.40219.1
Project("{FAE04EC0-301F-11D3-BF4B-00C04F79EFBC}") = "BodyMassIndex", "BodyMassIndex.csproj", "{3F251C95-E660-4E2F-B6E7-ECE0264C0AD0}"
EndProject
Global
	GlobalSection(SolutionConfigurationPlatforms) = preSolution
		Debug|Any CPU = Debug|Any CPU
		Release|Any CPU = Release|Any CPU
	EndGlobalSection
	GlobalSection(ProjectConfigurationPlatforms) = postSolution
		{3F251C95-E660-4E2F-B6E7-ECE0264C0AD0}.Debug|Any CPU.ActiveCfg = Debug|Any CPU
		{3F251C95-E660-4E2F-B6E7-ECE0264C0AD0}.Debug|Any CPU.Build.0 = Debug|Any CPU
		{3F251C95-E660-4E2F-B6E7-ECE0264C0AD0}.Release|Any CPU.ActiveCfg = Release|Any CPU
		{3F251C95-E660-4E2F-B6E7-ECE0264C0AD0}.Release|Any CPU.Build.0 = Release|Any CPU
	EndGlobalSection
	GlobalSection(SolutionProperties) = preSolution
		HideSolutionNode = FALSE
	EndGlobalSection
	GlobalSection(ExtensibilityGlobals) = postSolution
		SolutionGuid = {FF883425-713B-45D3-A0EB-7DB2CB413CB2}
	EndGlobalSection
EndGlobal
