
Microsoft Visual Studio Solution File, Format Version 12.00
# Visual Studio Version 16
VisualStudioVersion = 16.0.30320.27
MinimumVisualStudioVersion = 10.0.40219.1
Project("{FAE04EC0-301F-11D3-BF4B-00C04F79EFBC}") = "Rounding", "Rounding.csproj", "{6183245E-E0DE-4108-AC96-7BBA4F0D9CEA}"
EndProject
Global
	GlobalSection(SolutionConfigurationPlatforms) = preSolution
		Debug|Any CPU = Debug|Any CPU
		Release|Any CPU = Release|Any CPU
	EndGlobalSection
	GlobalSection(ProjectConfigurationPlatforms) = postSolution
		{6183245E-E0DE-4108-AC96-7BBA4F0D9CEA}.Debug|Any CPU.ActiveCfg = Debug|Any CPU
		{6183245E-E0DE-4108-AC96-7BBA4F0D9CEA}.Debug|Any CPU.Build.0 = Debug|Any CPU
		{6183245E-E0DE-4108-AC96-7BBA4F0D9CEA}.Release|Any CPU.ActiveCfg = Release|Any CPU
		{6183245E-E0DE-4108-AC96-7BBA4F0D9CEA}.Release|Any CPU.Build.0 = Release|Any CPU
	EndGlobalSection
	GlobalSection(SolutionProperties) = preSolution
		HideSolutionNode = FALSE
	EndGlobalSection
	GlobalSection(ExtensibilityGlobals) = postSolution
		SolutionGuid = {8EBAC251-9B24-47BD-9EEB-66336CF83AEC}
	EndGlobalSection
EndGlobal
